
Microsoft Visual Studio Solution File, Format Version 12.00
# Visual Studio 15
VisualStudioVersion = 15.0.27703.2047
MinimumVisualStudioVersion = 10.0.40219.1
Project("{FAE04EC0-301F-11D3-BF4B-00C04F79EFBC}") = "ByteBank", "ByteBank\ByteBank.csproj", "{3F0A4032-EA00-4AB9-8983-14B475B33C84}"
EndProject
Global
	GlobalSection(SolutionConfigurationPlatforms) = preSolution
		Debug|Any CPU = Debug|Any CPU
		Release|Any CPU = Release|Any CPU
	EndGlobalSection
	GlobalSection(ProjectConfigurationPlatforms) = postSolution
		{3F0A4032-EA00-4AB9-8983-14B475B33C84}.Debug|Any CPU.ActiveCfg = Debug|Any CPU
		{3F0A4032-EA00-4AB9-8983-14B475B33C84}.Debug|Any CPU.Build.0 = Debug|Any CPU
		{3F0A4032-EA00-4AB9-8983-14B475B33C84}.Release|Any CPU.ActiveCfg = Release|Any CPU
		{3F0A4032-EA00-4AB9-8983-14B475B33C84}.Release|Any CPU.Build.0 = Release|Any CPU
	EndGlobalSection
	GlobalSection(SolutionProperties) = preSolution
		HideSolutionNode = FALSE
	EndGlobalSection
	GlobalSection(ExtensibilityGlobals) = postSolution
		SolutionGuid = {12116D97-5A78-4E11-8699-E5A81B9B2CD8}
	EndGlobalSection
EndGlobal
