
Microsoft Visual Studio Solution File, Format Version 12.00
# Visual Studio 15
VisualStudioVersion = 15.0.27703.2047
MinimumVisualStudioVersion = 10.0.40219.1
Project("{FAE04EC0-301F-11D3-BF4B-00C04F79EFBC}") = "ByteBank.Portal", "ByteBank.Portal\ByteBank.Portal.csproj", "{902EE893-83C6-4F66-8311-AE64C40361B3}"
EndProject
Project("{FAE04EC0-301F-11D3-BF4B-00C04F79EFBC}") = "ByteBank.Service", "ByteBank.Service\ByteBank.Service.csproj", "{1FD288D9-6F01-42C3-A921-8E3CAD9E6F89}"
EndProject
Global
	GlobalSection(SolutionConfigurationPlatforms) = preSolution
		Debug|Any CPU = Debug|Any CPU
		Release|Any CPU = Release|Any CPU
	EndGlobalSection
	GlobalSection(ProjectConfigurationPlatforms) = postSolution
		{902EE893-83C6-4F66-8311-AE64C40361B3}.Debug|Any CPU.ActiveCfg = Debug|Any CPU
		{902EE893-83C6-4F66-8311-AE64C40361B3}.Debug|Any CPU.Build.0 = Debug|Any CPU
		{902EE893-83C6-4F66-8311-AE64C40361B3}.Release|Any CPU.ActiveCfg = Release|Any CPU
		{902EE893-83C6-4F66-8311-AE64C40361B3}.Release|Any CPU.Build.0 = Release|Any CPU
		{1FD288D9-6F01-42C3-A921-8E3CAD9E6F89}.Debug|Any CPU.ActiveCfg = Debug|Any CPU
		{1FD288D9-6F01-42C3-A921-8E3CAD9E6F89}.Debug|Any CPU.Build.0 = Debug|Any CPU
		{1FD288D9-6F01-42C3-A921-8E3CAD9E6F89}.Release|Any CPU.ActiveCfg = Release|Any CPU
		{1FD288D9-6F01-42C3-A921-8E3CAD9E6F89}.Release|Any CPU.Build.0 = Release|Any CPU
	EndGlobalSection
	GlobalSection(SolutionProperties) = preSolution
		HideSolutionNode = FALSE
	EndGlobalSection
	GlobalSection(ExtensibilityGlobals) = postSolution
		SolutionGuid = {7D0BC97B-1AFB-4682-B96F-440E2083C96B}
	EndGlobalSection
EndGlobal
